
Microsoft Visual Studio Solution File, Format Version 12.00
# Visual Studio Version 17
VisualStudioVersion = 17.4.33110.190
MinimumVisualStudioVersion = 10.0.40219.1
Project("{9A19103F-16F7-4668-BE54-9A1E7A4F7556}") = "DTerminal", "DTerminal\DTerminal.csproj", "{D0881D46-EA97-4C66-B8DC-666586991386}"
EndProject
Project("{FAE04EC0-301F-11D3-BF4B-00C04F79EFBC}") = "DTerminal.Core", "DTerminal.Core\DTerminal.Core.csproj", "{5FB1FDCF-DAE0-47D4-B5A7-671BC379719A}"
EndProject
Global
	GlobalSection(SolutionConfigurationPlatforms) = preSolution
		Debug|Any CPU = Debug|Any CPU
		Release|Any CPU = Release|Any CPU
	EndGlobalSection
	GlobalSection(ProjectConfigurationPlatforms) = postSolution
		{D0881D46-EA97-4C66-B8DC-666586991386}.Debug|Any CPU.ActiveCfg = Debug|Any CPU
		{D0881D46-EA97-4C66-B8DC-666586991386}.Debug|Any CPU.Build.0 = Debug|Any CPU
		{D0881D46-EA97-4C66-B8DC-666586991386}.Release|Any CPU.ActiveCfg = Release|Any CPU
		{D0881D46-EA97-4C66-B8DC-666586991386}.Release|Any CPU.Build.0 = Release|Any CPU
		{5FB1FDCF-DAE0-47D4-B5A7-671BC379719A}.Debug|Any CPU.ActiveCfg = Debug|Any CPU
		{5FB1FDCF-DAE0-47D4-B5A7-671BC379719A}.Debug|Any CPU.Build.0 = Debug|Any CPU
		{5FB1FDCF-DAE0-47D4-B5A7-671BC379719A}.Release|Any CPU.ActiveCfg = Release|Any CPU
		{5FB1FDCF-DAE0-47D4-B5A7-671BC379719A}.Release|Any CPU.Build.0 = Release|Any CPU
	EndGlobalSection
	GlobalSection(SolutionProperties) = preSolution
		HideSolutionNode = FALSE
	EndGlobalSection
	GlobalSection(ExtensibilityGlobals) = postSolution
		SolutionGuid = {27CF8E3A-FB4C-4D1D-AF2A-1A58782345EA}
	EndGlobalSection
EndGlobal
